
Microsoft Visual Studio Solution File, Format Version 12.00
# Visual Studio Version 17
VisualStudioVersion = 17.9.34728.123
MinimumVisualStudioVersion = 10.0.40219.1
Project("{9A19103F-16F7-4668-BE54-9A1E7A4F7556}") = "CoffeeStoreAPI", "CoffeeStoreAPI\CoffeeStoreAPI.csproj", "{BC83FD51-545C-48E2-9E67-838A5F2A7AA2}"
EndProject
Project("{FAE04EC0-301F-11D3-BF4B-00C04F79EFBC}") = "ServiceTests", "ServiceTests\ServiceTests.csproj", "{96F82B3C-68C7-4851-A5A4-3BBD31C4463E}"
EndProject
Global
	GlobalSection(SolutionConfigurationPlatforms) = preSolution
		Debug|Any CPU = Debug|Any CPU
		Release|Any CPU = Release|Any CPU
	EndGlobalSection
	GlobalSection(ProjectConfigurationPlatforms) = postSolution
		{BC83FD51-545C-48E2-9E67-838A5F2A7AA2}.Debug|Any CPU.ActiveCfg = Debug|Any CPU
		{BC83FD51-545C-48E2-9E67-838A5F2A7AA2}.Debug|Any CPU.Build.0 = Debug|Any CPU
		{BC83FD51-545C-48E2-9E67-838A5F2A7AA2}.Release|Any CPU.ActiveCfg = Release|Any CPU
		{BC83FD51-545C-48E2-9E67-838A5F2A7AA2}.Release|Any CPU.Build.0 = Release|Any CPU
		{96F82B3C-68C7-4851-A5A4-3BBD31C4463E}.Debug|Any CPU.ActiveCfg = Debug|Any CPU
		{96F82B3C-68C7-4851-A5A4-3BBD31C4463E}.Debug|Any CPU.Build.0 = Debug|Any CPU
		{96F82B3C-68C7-4851-A5A4-3BBD31C4463E}.Release|Any CPU.ActiveCfg = Release|Any CPU
		{96F82B3C-68C7-4851-A5A4-3BBD31C4463E}.Release|Any CPU.Build.0 = Release|Any CPU
	EndGlobalSection
	GlobalSection(SolutionProperties) = preSolution
		HideSolutionNode = FALSE
	EndGlobalSection
	GlobalSection(ExtensibilityGlobals) = postSolution
		SolutionGuid = {3F053449-BEB9-4B8D-BEB2-F2B63FCB2B84}
	EndGlobalSection
EndGlobal
